
Microsoft Visual Studio Solution File, Format Version 12.00
# Visual Studio Version 17
VisualStudioVersion = 17.9.34607.119
MinimumVisualStudioVersion = 10.0.40219.1
Project("{F184B08F-C81C-45F6-A57F-5ABD9991F28F}") = "Nabre.activity3", "Nabre.activity3\Nabre.activity3.vbproj", "{4BC26AEA-887B-48A5-9CF2-7C98DF121541}"
EndProject
Global
	GlobalSection(SolutionConfigurationPlatforms) = preSolution
		Debug|Any CPU = Debug|Any CPU
		Release|Any CPU = Release|Any CPU
	EndGlobalSection
	GlobalSection(ProjectConfigurationPlatforms) = postSolution
		{4BC26AEA-887B-48A5-9CF2-7C98DF121541}.Debug|Any CPU.ActiveCfg = Debug|Any CPU
		{4BC26AEA-887B-48A5-9CF2-7C98DF121541}.Debug|Any CPU.Build.0 = Debug|Any CPU
		{4BC26AEA-887B-48A5-9CF2-7C98DF121541}.Release|Any CPU.ActiveCfg = Release|Any CPU
		{4BC26AEA-887B-48A5-9CF2-7C98DF121541}.Release|Any CPU.Build.0 = Release|Any CPU
	EndGlobalSection
	GlobalSection(SolutionProperties) = preSolution
		HideSolutionNode = FALSE
	EndGlobalSection
	GlobalSection(ExtensibilityGlobals) = postSolution
		SolutionGuid = {B927B452-F186-4707-9C2A-05BF6E7FF988}
	EndGlobalSection
EndGlobal
